// !$*UTF8*$!
{
	archiveVersion = 1;
	classes = {
	};
	objectVersion = 50;
	objects = {

/* Begin PBXBuildFile section */
		532B5D8322C4610300A50499 /* CircleImage.swift in Sources */ = {isa = PBXBuildFile; fileRef = 532B5D8222C4610300A50499 /* CircleImage.swift */; };
		53412AD622ADE4C70043AB33 /* AppDelegate.swift in Sources */ = {isa = PBXBuildFile; fileRef = 53412AD522ADE4C70043AB33 /* AppDelegate.swift */; };
		53412AD822ADE4C70043AB33 /* SceneDelegate.swift in Sources */ = {isa = PBXBuildFile; fileRef = 53412AD722ADE4C70043AB33 /* SceneDelegate.swift */; };
		53412ADA22ADE4C70043AB33 /* LandmarkDetail.swift in Sources */ = {isa = PBXBuildFile; fileRef = 53412AD922ADE4C70043AB33 /* LandmarkDetail.swift */; };
		53412ADC22ADE4C90043AB33 /* Assets.xcassets in Resources */ = {isa = PBXBuildFile; fileRef = 53412ADB22ADE4C90043AB33 /* Assets.xcassets */; };
		53412ADF22ADE4C90043AB33 /* Preview Assets.xcassets in Resources */ = {isa = PBXBuildFile; fileRef = 53412ADE22ADE4C90043AB33 /* Preview Assets.xcassets */; };
		53412AE222ADE4C90043AB33 /* LaunchScreen.storyboard in Resources */ = {isa = PBXBuildFile; fileRef = 53412AE022ADE4C90043AB33 /* LaunchScreen.storyboard */; };
		53412AED22ADE4C90043AB33 /* LandmarksTests.swift in Sources */ = {isa = PBXBuildFile; fileRef = 53412AEC22ADE4C90043AB33 /* LandmarksTests.swift */; };
		53412AF822ADE4C90043AB33 /* LandmarksUITests.swift in Sources */ = {isa = PBXBuildFile; fileRef = 53412AF722ADE4C90043AB33 /* LandmarksUITests.swift */; };
		537D8A6522C594E3008CD64C /* LandmarkList.swift in Sources */ = {isa = PBXBuildFile; fileRef = 537D8A6422C594E3008CD64C /* LandmarkList.swift */; };
		53F106DA22C4C8F200378FBD /* MapView.swift in Sources */ = {isa = PBXBuildFile; fileRef = 53F106D922C4C8F200378FBD /* MapView.swift */; };
		53F106DD22C4CE2400378FBD /* Landmark.swift in Sources */ = {isa = PBXBuildFile; fileRef = 53F106DC22C4CE2400378FBD /* Landmark.swift */; };
		53F106E122C4D1B300378FBD /* LandmarkRow.swift in Sources */ = {isa = PBXBuildFile; fileRef = 53F106E022C4D1B300378FBD /* LandmarkRow.swift */; };
		53F106E322C4D5D600378FBD /* Data.swift in Sources */ = {isa = PBXBuildFile; fileRef = 53F106E222C4D5D600378FBD /* Data.swift */; };
		53F106F822C4D90E00378FBD /* charleyrivers.jpg in Resources */ = {isa = PBXBuildFile; fileRef = 53F106EA22C4D90E00378FBD /* charleyrivers.jpg */; };
		53F106F922C4D90E00378FBD /* turtlerock.jpg in Resources */ = {isa = PBXBuildFile; fileRef = 53F106EB22C4D90E00378FBD /* turtlerock.jpg */; };
		53F106FA22C4D90E00378FBD /* silversalmoncreek.jpg in Resources */ = {isa = PBXBuildFile; fileRef = 53F106EC22C4D90E00378FBD /* silversalmoncreek.jpg */; };
		53F106FB22C4D90E00378FBD /* hikeData.json in Resources */ = {isa = PBXBuildFile; fileRef = 53F106ED22C4D90E00378FBD /* hikeData.json */; };
		53F106FC22C4D90E00378FBD /* icybay.jpg in Resources */ = {isa = PBXBuildFile; fileRef = 53F106EE22C4D90E00378FBD /* icybay.jpg */; };
		53F106FD22C4D90E00378FBD /* lakemcdonald.jpg in Resources */ = {isa = PBXBuildFile; fileRef = 53F106EF22C4D90E00378FBD /* lakemcdonald.jpg */; };
		53F106FE22C4D90E00378FBD /* hiddenlake.jpg in Resources */ = {isa = PBXBuildFile; fileRef = 53F106F022C4D90E00378FBD /* hiddenlake.jpg */; };
		53F106FF22C4D90E00378FBD /* twinlake.jpg in Resources */ = {isa = PBXBuildFile; fileRef = 53F106F122C4D90E00378FBD /* twinlake.jpg */; };
		53F1070022C4D90E00378FBD /* umbagog.jpg in Resources */ = {isa = PBXBuildFile; fileRef = 53F106F222C4D90E00378FBD /* umbagog.jpg */; };
		53F1070122C4D90E00378FBD /* landmarkData.json in Resources */ = {isa = PBXBuildFile; fileRef = 53F106F322C4D90E00378FBD /* landmarkData.json */; };
		53F1070222C4D90E00378FBD /* chincoteague.jpg in Resources */ = {isa = PBXBuildFile; fileRef = 53F106F422C4D90E00378FBD /* chincoteague.jpg */; };
		53F1070322C4D90F00378FBD /* stmarylake.jpg in Resources */ = {isa = PBXBuildFile; fileRef = 53F106F522C4D90E00378FBD /* stmarylake.jpg */; };
		53F1070422C4D90F00378FBD /* chilkoottrail.jpg in Resources */ = {isa = PBXBuildFile; fileRef = 53F106F622C4D90E00378FBD /* chilkoottrail.jpg */; };
		53F1070522C4D90F00378FBD /* rainbowlake.jpg in Resources */ = {isa = PBXBuildFile; fileRef = 53F106F722C4D90E00378FBD /* rainbowlake.jpg */; };
/* End PBXBuildFile section */

/* Begin PBXContainerItemProxy section */
		53412AE922ADE4C90043AB33 /* PBXContainerItemProxy */ = {
			isa = PBXContainerItemProxy;
			containerPortal = 53412ACA22ADE4C70043AB33 /* Project object */;
			proxyType = 1;
			remoteGlobalIDString = 53412AD122ADE4C70043AB33;
			remoteInfo = Landmarks;
		};
		53412AF422ADE4C90043AB33 /* PBXContainerItemProxy */ = {
			isa = PBXContainerItemProxy;
			containerPortal = 53412ACA22ADE4C70043AB33 /* Project object */;
			proxyType = 1;
			remoteGlobalIDString = 53412AD122ADE4C70043AB33;
			remoteInfo = Landmarks;
		};
/* End PBXContainerItemProxy section */

/* Begin PBXFileReference section */
		532B5D8222C4610300A50499 /* CircleImage.swift */ = {isa = PBXFileReference; lastKnownFileType = sourcecode.swift; path = CircleImage.swift; sourceTree = "<group>"; };
		53412AD222ADE4C70043AB33 /* Landmarks.app */ = {isa = PBXFileReference; explicitFileType = wrapper.application; includeInIndex = 0; path = Landmarks.app; sourceTree = BUILT_PRODUCTS_DIR; };
		53412AD522ADE4C70043AB33 /* AppDelegate.swift */ = {isa = PBXFileReference; lastKnownFileType = sourcecode.swift; path = AppDelegate.swift; sourceTree = "<group>"; };
		53412AD722ADE4C70043AB33 /* SceneDelegate.swift */ = {isa = PBXFileReference; lastKnownFileType = sourcecode.swift; path = SceneDelegate.swift; sourceTree = "<group>"; };
		53412AD922ADE4C70043AB33 /* LandmarkDetail.swift */ = {isa = PBXFileReference; lastKnownFileType = sourcecode.swift; path = LandmarkDetail.swift; sourceTree = "<group>"; };
		53412ADB22ADE4C90043AB33 /* Assets.xcassets */ = {isa = PBXFileReference; lastKnownFileType = folder.assetcatalog; path = Assets.xcassets; sourceTree = "<group>"; };
		53412ADE22ADE4C90043AB33 /* Preview Assets.xcassets */ = {isa = PBXFileReference; lastKnownFileType = folder.assetcatalog; path = "Preview Assets.xcassets"; sourceTree = "<group>"; };
		53412AE122ADE4C90043AB33 /* Base */ = {isa = PBXFileReference; lastKnownFileType = file.storyboard; name = Base; path = Base.lproj/LaunchScreen.storyboard; sourceTree = "<group>"; };
		53412AE322ADE4C90043AB33 /* Info.plist */ = {isa = PBXFileReference; lastKnownFileType = text.plist.xml; path = Info.plist; sourceTree = "<group>"; };
		53412AE822ADE4C90043AB33 /* LandmarksTests.xctest */ = {isa = PBXFileReference; explicitFileType = wrapper.cfbundle; includeInIndex = 0; path = LandmarksTests.xctest; sourceTree = BUILT_PRODUCTS_DIR; };
		53412AEC22ADE4C90043AB33 /* LandmarksTests.swift */ = {isa = PBXFileReference; lastKnownFileType = sourcecode.swift; path = LandmarksTests.swift; sourceTree = "<group>"; };
		53412AEE22ADE4C90043AB33 /* Info.plist */ = {isa = PBXFileReference; lastKnownFileType = text.plist.xml; path = Info.plist; sourceTree = "<group>"; };
		53412AF322ADE4C90043AB33 /* LandmarksUITests.xctest */ = {isa = PBXFileReference; explicitFileType = wrapper.cfbundle; includeInIndex = 0; path = LandmarksUITests.xctest; sourceTree = BUILT_PRODUCTS_DIR; };
		53412AF722ADE4C90043AB33 /* LandmarksUITests.swift */ = {isa = PBXFileReference; lastKnownFileType = sourcecode.swift; path = LandmarksUITests.swift; sourceTree = "<group>"; };
		53412AF922ADE4C90043AB33 /* Info.plist */ = {isa = PBXFileReference; lastKnownFileType = text.plist.xml; path = Info.plist; sourceTree = "<group>"; };
		537D8A6422C594E3008CD64C /* LandmarkList.swift */ = {isa = PBXFileReference; lastKnownFileType = sourcecode.swift; path = LandmarkList.swift; sourceTree = "<group>"; };
		53F106D922C4C8F200378FBD /* MapView.swift */ = {isa = PBXFileReference; lastKnownFileType = sourcecode.swift; path = MapView.swift; sourceTree = "<group>"; };
		53F106DC22C4CE2400378FBD /* Landmark.swift */ = {isa = PBXFileReference; lastKnownFileType = sourcecode.swift; path = Landmark.swift; sourceTree = "<group>"; };
		53F106E022C4D1B300378FBD /* LandmarkRow.swift */ = {isa = PBXFileReference; lastKnownFileType = sourcecode.swift; path = LandmarkRow.swift; sourceTree = "<group>"; };
		53F106E222C4D5D600378FBD /* Data.swift */ = {isa = PBXFileReference; lastKnownFileType = sourcecode.swift; path = Data.swift; sourceTree = "<group>"; };
		53F106EA22C4D90E00378FBD /* charleyrivers.jpg */ = {isa = PBXFileReference; lastKnownFileType = image.jpeg; path = charleyrivers.jpg; sourceTree = "<group>"; };
		53F106EB22C4D90E00378FBD /* turtlerock.jpg */ = {isa = PBXFileReference; lastKnownFileType = image.jpeg; path = turtlerock.jpg; sourceTree = "<group>"; };
		53F106EC22C4D90E00378FBD /* silversalmoncreek.jpg */ = {isa = PBXFileReference; lastKnownFileType = image.jpeg; path = silversalmoncreek.jpg; sourceTree = "<group>"; };
		53F106ED22C4D90E00378FBD /* hikeData.json */ = {isa = PBXFileReference; fileEncoding = 4; lastKnownFileType = text.json; path = hikeData.json; sourceTree = "<group>"; };
		53F106EE22C4D90E00378FBD /* icybay.jpg */ = {isa = PBXFileReference; lastKnownFileType = image.jpeg; path = icybay.jpg; sourceTree = "<group>"; };
		53F106EF22C4D90E00378FBD /* lakemcdonald.jpg */ = {isa = PBXFileReference; lastKnownFileType = image.jpeg; path = lakemcdonald.jpg; sourceTree = "<group>"; };
		53F106F022C4D90E00378FBD /* hiddenlake.jpg */ = {isa = PBXFileReference; lastKnownFileType = image.jpeg; path = hiddenlake.jpg; sourceTree = "<group>"; };
		53F106F122C4D90E00378FBD /* twinlake.jpg */ = {isa = PBXFileReference; lastKnownFileType = image.jpeg; path = twinlake.jpg; sourceTree = "<group>"; };
		53F106F222C4D90E00378FBD /* umbagog.jpg */ = {isa = PBXFileReference; lastKnownFileType = image.jpeg; path = umbagog.jpg; sourceTree = "<group>"; };
		53F106F322C4D90E00378FBD /* landmarkData.json */ = {isa = PBXFileReference; fileEncoding = 4; lastKnownFileType = text.json; path = landmarkData.json; sourceTree = "<group>"; };
		53F106F422C4D90E00378FBD /* chincoteague.jpg */ = {isa = PBXFileReference; lastKnownFileType = image.jpeg; path = chincoteague.jpg; sourceTree = "<group>"; };
		53F106F522C4D90E00378FBD /* stmarylake.jpg */ = {isa = PBXFileReference; lastKnownFileType = image.jpeg; path = stmarylake.jpg; sourceTree = "<group>"; };
		53F106F622C4D90E00378FBD /* chilkoottrail.jpg */ = {isa = PBXFileReference; lastKnownFileType = image.jpeg; path = chilkoottrail.jpg; sourceTree = "<group>"; };
		53F106F722C4D90E00378FBD /* rainbowlake.jpg */ = {isa = PBXFileReference; lastKnownFileType = image.jpeg; path = rainbowlake.jpg; sourceTree = "<group>"; };
/* End PBXFileReference section */

/* Begin PBXFrameworksBuildPhase section */
		53412ACF22ADE4C70043AB33 /* Frameworks */ = {
			isa = PBXFrameworksBuildPhase;
			buildActionMask = 2147483647;
			files = (
			);
			runOnlyForDeploymentPostprocessing = 0;
		};
		53412AE522ADE4C90043AB33 /* Frameworks */ = {
			isa = PBXFrameworksBuildPhase;
			buildActionMask = 2147483647;
			files = (
			);
			runOnlyForDeploymentPostprocessing = 0;
		};
		53412AF022ADE4C90043AB33 /* Frameworks */ = {
			isa = PBXFrameworksBuildPhase;
			buildActionMask = 2147483647;
			files = (
			);
			runOnlyForDeploymentPostprocessing = 0;
		};
/* End PBXFrameworksBuildPhase section */

/* Begin PBXGroup section */
		53412AC922ADE4C70043AB33 = {
			isa = PBXGroup;
			children = (
				53412AD422ADE4C70043AB33 /* Landmarks */,
				53412AEB22ADE4C90043AB33 /* LandmarksTests */,
				53412AF622ADE4C90043AB33 /* LandmarksUITests */,
				53412AD322ADE4C70043AB33 /* Products */,
			);
			sourceTree = "<group>";
		};
		53412AD322ADE4C70043AB33 /* Products */ = {
			isa = PBXGroup;
			children = (
				53412AD222ADE4C70043AB33 /* Landmarks.app */,
				53412AE822ADE4C90043AB33 /* LandmarksTests.xctest */,
				53412AF322ADE4C90043AB33 /* LandmarksUITests.xctest */,
			);
			name = Products;
			sourceTree = "<group>";
		};
		53412AD422ADE4C70043AB33 /* Landmarks */ = {
			isa = PBXGroup;
			children = (
				53F106E922C4D90E00378FBD /* Resources */,
				53F106DB22C4CE1400378FBD /* Models */,
				53412AD522ADE4C70043AB33 /* AppDelegate.swift */,
				53412AD722ADE4C70043AB33 /* SceneDelegate.swift */,
				53412AD922ADE4C70043AB33 /* LandmarkDetail.swift */,
				53F106E022C4D1B300378FBD /* LandmarkRow.swift */,
				537D8A6422C594E3008CD64C /* LandmarkList.swift */,
				532B5D8222C4610300A50499 /* CircleImage.swift */,
				53F106D922C4C8F200378FBD /* MapView.swift */,
				53412ADB22ADE4C90043AB33 /* Assets.xcassets */,
				53412AE022ADE4C90043AB33 /* LaunchScreen.storyboard */,
				53412AE322ADE4C90043AB33 /* Info.plist */,
				53412ADD22ADE4C90043AB33 /* Preview Content */,
			);
			path = Landmarks;
			sourceTree = "<group>";
		};
		53412ADD22ADE4C90043AB33 /* Preview Content */ = {
			isa = PBXGroup;
			children = (
				53412ADE22ADE4C90043AB33 /* Preview Assets.xcassets */,
			);
			path = "Preview Content";
			sourceTree = "<group>";
		};
		53412AEB22ADE4C90043AB33 /* LandmarksTests */ = {
			isa = PBXGroup;
			children = (
				53412AEC22ADE4C90043AB33 /* LandmarksTests.swift */,
				53412AEE22ADE4C90043AB33 /* Info.plist */,
			);
			path = LandmarksTests;
			sourceTree = "<group>";
		};
		53412AF622ADE4C90043AB33 /* LandmarksUITests */ = {
			isa = PBXGroup;
			children = (
				53412AF722ADE4C90043AB33 /* LandmarksUITests.swift */,
				53412AF922ADE4C90043AB33 /* Info.plist */,
			);
			path = LandmarksUITests;
			sourceTree = "<group>";
		};
		53F106DB22C4CE1400378FBD /* Models */ = {
			isa = PBXGroup;
			children = (
				53F106DC22C4CE2400378FBD /* Landmark.swift */,
				53F106E222C4D5D600378FBD /* Data.swift */,
			);
			path = Models;
			sourceTree = "<group>";
		};
		53F106E922C4D90E00378FBD /* Resources */ = {
			isa = PBXGroup;
			children = (
				53F106EA22C4D90E00378FBD /* charleyrivers.jpg */,
				53F106EB22C4D90E00378FBD /* turtlerock.jpg */,
				53F106EC22C4D90E00378FBD /* silversalmoncreek.jpg */,
				53F106ED22C4D90E00378FBD /* hikeData.json */,
				53F106EE22C4D90E00378FBD /* icybay.jpg */,
				53F106EF22C4D90E00378FBD /* lakemcdonald.jpg */,
				53F106F022C4D90E00378FBD /* hiddenlake.jpg */,
				53F106F122C4D90E00378FBD /* twinlake.jpg */,
				53F106F222C4D90E00378FBD /* umbagog.jpg */,
				53F106F322C4D90E00378FBD /* landmarkData.json */,
				53F106F422C4D90E00378FBD /* chincoteague.jpg */,
				53F106F522C4D90E00378FBD /* stmarylake.jpg */,
				53F106F622C4D90E00378FBD /* chilkoottrail.jpg */,
				53F106F722C4D90E00378FBD /* rainbowlake.jpg */,
			);
			path = Resources;
			sourceTree = "<group>";
		};
/* End PBXGroup section */

/* Begin PBXNativeTarget section */
		53412AD122ADE4C70043AB33 /* Landmarks */ = {
			isa = PBXNativeTarget;
			buildConfigurationList = 53412AFC22ADE4C90043AB33 /* Build configuration list for PBXNativeTarget "Landmarks" */;
			buildPhases = (
				53412ACE22ADE4C70043AB33 /* Sources */,
				53412ACF22ADE4C70043AB33 /* Frameworks */,
				53412AD022ADE4C70043AB33 /* Resources */,
			);
			buildRules = (
			);
			dependencies = (
			);
			name = Landmarks;
			productName = Landmarks;
			productReference = 53412AD222ADE4C70043AB33 /* Landmarks.app */;
			productType = "com.apple.product-type.application";
		};
		53412AE722ADE4C90043AB33 /* LandmarksTests */ = {
			isa = PBXNativeTarget;
			buildConfigurationList = 53412AFF22ADE4C90043AB33 /* Build configuration list for PBXNativeTarget "LandmarksTests" */;
			buildPhases = (
				53412AE422ADE4C90043AB33 /* Sources */,
				53412AE522ADE4C90043AB33 /* Frameworks */,
				53412AE622ADE4C90043AB33 /* Resources */,
			);
			buildRules = (
			);
			dependencies = (
				53412AEA22ADE4C90043AB33 /* PBXTargetDependency */,
			);
			name = LandmarksTests;
			productName = LandmarksTests;
			productReference = 53412AE822ADE4C90043AB33 /* LandmarksTests.xctest */;
			productType = "com.apple.product-type.bundle.unit-test";
		};
		53412AF222ADE4C90043AB33 /* LandmarksUITests */ = {
			isa = PBXNativeTarget;
			buildConfigurationList = 53412B0222ADE4C90043AB33 /* Build configuration list for PBXNativeTarget "LandmarksUITests" */;
			buildPhases = (
				53412AEF22ADE4C90043AB33 /* Sources */,
				53412AF022ADE4C90043AB33 /* Frameworks */,
				53412AF122ADE4C90043AB33 /* Resources */,
			);
			buildRules = (
			);
			dependencies = (
				53412AF522ADE4C90043AB33 /* PBXTargetDependency */,
			);
			name = LandmarksUITests;
			productName = LandmarksUITests;
			productReference = 53412AF322ADE4C90043AB33 /* LandmarksUITests.xctest */;
			productType = "com.apple.product-type.bundle.ui-testing";
		};
/* End PBXNativeTarget section */

/* Begin PBXProject section */
		53412ACA22ADE4C70043AB33 /* Project object */ = {
			isa = PBXProject;
			attributes = {
				LastSwiftUpdateCheck = 1100;
				LastUpgradeCheck = 1100;
				ORGANIZATIONNAME = keith;
				TargetAttributes = {
					53412AD122ADE4C70043AB33 = {
						CreatedOnToolsVersion = 11.0;
					};
					53412AE722ADE4C90043AB33 = {
						CreatedOnToolsVersion = 11.0;
						TestTargetID = 53412AD122ADE4C70043AB33;
					};
					53412AF222ADE4C90043AB33 = {
						CreatedOnToolsVersion = 11.0;
						TestTargetID = 53412AD122ADE4C70043AB33;
					};
				};
			};
			buildConfigurationList = 53412ACD22ADE4C70043AB33 /* Build configuration list for PBXProject "Landmarks" */;
			compatibilityVersion = "Xcode 9.3";
			developmentRegion = en;
			hasScannedForEncodings = 0;
			knownRegions = (
				en,
				Base,
			);
			mainGroup = 53412AC922ADE4C70043AB33;
			productRefGroup = 53412AD322ADE4C70043AB33 /* Products */;
			projectDirPath = "";
			projectRoot = "";
			targets = (
				53412AD122ADE4C70043AB33 /* Landmarks */,
				53412AE722ADE4C90043AB33 /* LandmarksTests */,
				53412AF222ADE4C90043AB33 /* LandmarksUITests */,
			);
		};
/* End PBXProject section */

/* Begin PBXResourcesBuildPhase section */
		53412AD022ADE4C70043AB33 /* Resources */ = {
			isa = PBXResourcesBuildPhase;
			buildActionMask = 2147483647;
			files = (
				53F1070022C4D90E00378FBD /* umbagog.jpg in Resources */,
				53412AE222ADE4C90043AB33 /* LaunchScreen.storyboard in Resources */,
				53412ADF22ADE4C90043AB33 /* Preview Assets.xcassets in Resources */,
				53F106FC22C4D90E00378FBD /* icybay.jpg in Resources */,
				53F1070122C4D90E00378FBD /* landmarkData.json in Resources */,
				53F106FD22C4D90E00378FBD /* lakemcdonald.jpg in Resources */,
				53F1070322C4D90F00378FBD /* stmarylake.jpg in Resources */,
				53412ADC22ADE4C90043AB33 /* Assets.xcassets in Resources */,
				53F106FA22C4D90E00378FBD /* silversalmoncreek.jpg in Resources */,
				53F1070422C4D90F00378FBD /* chilkoottrail.jpg in Resources */,
				53F106F822C4D90E00378FBD /* charleyrivers.jpg in Resources */,
				53F106FB22C4D90E00378FBD /* hikeData.json in Resources */,
				53F1070222C4D90E00378FBD /* chincoteague.jpg in Resources */,
				53F106FE22C4D90E00378FBD /* hiddenlake.jpg in Resources */,
				53F106F922C4D90E00378FBD /* turtlerock.jpg in Resources */,
				53F106FF22C4D90E00378FBD /* twinlake.jpg in Resources */,
				53F1070522C4D90F00378FBD /* rainbowlake.jpg in Resources */,
			);
			runOnlyForDeploymentPostprocessing = 0;
		};
		53412AE622ADE4C90043AB33 /* Resources */ = {
			isa = PBXResourcesBuildPhase;
			buildActionMask = 2147483647;
			files = (
			);
			runOnlyForDeploymentPostprocessing = 0;
		};
		53412AF122ADE4C90043AB33 /* Resources */ = {
			isa = PBXResourcesBuildPhase;
			buildActionMask = 2147483647;
			files = (
			);
			runOnlyForDeploymentPostprocessing = 0;
		};
/* End PBXResourcesBuildPhase section */

/* Begin PBXSourcesBuildPhase section */
		53412ACE22ADE4C70043AB33 /* Sources */ = {
			isa = PBXSourcesBuildPhase;
			buildActionMask = 2147483647;
			files = (
				53412AD622ADE4C70043AB33 /* AppDelegate.swift in Sources */,
				532B5D8322C4610300A50499 /* CircleImage.swift in Sources */,
				53F106DA22C4C8F200378FBD /* MapView.swift in Sources */,
				53412AD822ADE4C70043AB33 /* SceneDelegate.swift in Sources */,
				537D8A6522C594E3008CD64C /* LandmarkList.swift in Sources */,
				53412ADA22ADE4C70043AB33 /* LandmarkDetail.swift in Sources */,
				53F106E122C4D1B300378FBD /* LandmarkRow.swift in Sources */,
				53F106DD22C4CE2400378FBD /* Landmark.swift in Sources */,
				53F106E322C4D5D600378FBD /* Data.swift in Sources */,
			);
			runOnlyForDeploymentPostprocessing = 0;
		};
		53412AE422ADE4C90043AB33 /* Sources */ = {
			isa = PBXSourcesBuildPhase;
			buildActionMask = 2147483647;
			files = (
				53412AED22ADE4C90043AB33 /* LandmarksTests.swift in Sources */,
			);
			runOnlyForDeploymentPostprocessing = 0;
		};
		53412AEF22ADE4C90043AB33 /* Sources */ = {
			isa = PBXSourcesBuildPhase;
			buildActionMask = 2147483647;
			files = (
				53412AF822ADE4C90043AB33 /* LandmarksUITests.swift in Sources */,
			);
			runOnlyForDeploymentPostprocessing = 0;
		};
/* End PBXSourcesBuildPhase section */

/* Begin PBXTargetDependency section */
		53412AEA22ADE4C90043AB33 /* PBXTargetDependency */ = {
			isa = PBXTargetDependency;
			target = 53412AD122ADE4C70043AB33 /* Landmarks */;
			targetProxy = 53412AE922ADE4C90043AB33 /* PBXContainerItemProxy */;
		};
		53412AF522ADE4C90043AB33 /* PBXTargetDependency */ = {
			isa = PBXTargetDependency;
			target = 53412AD122ADE4C70043AB33 /* Landmarks */;
			targetProxy = 53412AF422ADE4C90043AB33 /* PBXContainerItemProxy */;
		};
/* End PBXTargetDependency section */

/* Begin PBXVariantGroup section */
		53412AE022ADE4C90043AB33 /* LaunchScreen.storyboard */ = {
			isa = PBXVariantGroup;
			children = (
				53412AE122ADE4C90043AB33 /* Base */,
			);
			name = LaunchScreen.storyboard;
			sourceTree = "<group>";
		};
/* End PBXVariantGroup section */

/* Begin XCBuildConfiguration section */
		53412AFA22ADE4C90043AB33 /* Debug */ = {
			isa = XCBuildConfiguration;
			buildSettings = {
				ALWAYS_SEARCH_USER_PATHS = NO;
				CLANG_ANALYZER_NONNULL = YES;
				CLANG_ANALYZER_NUMBER_OBJECT_CONVERSION = YES_AGGRESSIVE;
				CLANG_CXX_LANGUAGE_STANDARD = "gnu++14";
				CLANG_CXX_LIBRARY = "libc++";
				CLANG_ENABLE_MODULES = YES;
				CLANG_ENABLE_OBJC_ARC = YES;
				CLANG_ENABLE_OBJC_WEAK = YES;
				CLANG_WARN_BLOCK_CAPTURE_AUTORELEASING = YES;
				CLANG_WARN_BOOL_CONVERSION = YES;
				CLANG_WARN_COMMA = YES;
				CLANG_WARN_CONSTANT_CONVERSION = YES;
				CLANG_WARN_DEPRECATED_OBJC_IMPLEMENTATIONS = YES;
				CLANG_WARN_DIRECT_OBJC_ISA_USAGE = YES_ERROR;
				CLANG_WARN_DOCUMENTATION_COMMENTS = YES;
				CLANG_WARN_EMPTY_BODY = YES;
				CLANG_WARN_ENUM_CONVERSION = YES;
				CLANG_WARN_INFINITE_RECURSION = YES;
				CLANG_WARN_INT_CONVERSION = YES;
				CLANG_WARN_NON_LITERAL_NULL_CONVERSION = YES;
				CLANG_WARN_OBJC_IMPLICIT_RETAIN_SELF = YES;
				CLANG_WARN_OBJC_LITERAL_CONVERSION = YES;
				CLANG_WARN_OBJC_ROOT_CLASS = YES_ERROR;
				CLANG_WARN_RANGE_LOOP_ANALYSIS = YES;
				CLANG_WARN_STRICT_PROTOTYPES = YES;
				CLANG_WARN_SUSPICIOUS_MOVE = YES;
				CLANG_WARN_UNGUARDED_AVAILABILITY = YES_AGGRESSIVE;
				CLANG_WARN_UNREACHABLE_CODE = YES;
				CLANG_WARN__DUPLICATE_METHOD_MATCH = YES;
				COPY_PHASE_STRIP = NO;
				DEBUG_INFORMATION_FORMAT = dwarf;
				ENABLE_STRICT_OBJC_MSGSEND = YES;
				ENABLE_TESTABILITY = YES;
				GCC_C_LANGUAGE_STANDARD = gnu11;
				GCC_DYNAMIC_NO_PIC = NO;
				GCC_NO_COMMON_BLOCKS = YES;
				GCC_OPTIMIZATION_LEVEL = 0;
				GCC_PREPROCESSOR_DEFINITIONS = (
					"DEBUG=1",
					"$(inherited)",
				);
				GCC_WARN_64_TO_32_BIT_CONVERSION = YES;
				GCC_WARN_ABOUT_RETURN_TYPE = YES_ERROR;
				GCC_WARN_UNDECLARED_SELECTOR = YES;
				GCC_WARN_UNINITIALIZED_AUTOS = YES_AGGRESSIVE;
				GCC_WARN_UNUSED_FUNCTION = YES;
				GCC_WARN_UNUSED_VARIABLE = YES;
				IPHONEOS_DEPLOYMENT_TARGET = 13.0;
				MTL_ENABLE_DEBUG_INFO = INCLUDE_SOURCE;
				MTL_FAST_MATH = YES;
				ONLY_ACTIVE_ARCH = YES;
				SDKROOT = iphoneos;
				SWIFT_ACTIVE_COMPILATION_CONDITIONS = DEBUG;
				SWIFT_OPTIMIZATION_LEVEL = "-Onone";
			};
			name = Debug;
		};
		53412AFB22ADE4C90043AB33 /* Release */ = {
			isa = XCBuildConfiguration;
			buildSettings = {
				ALWAYS_SEARCH_USER_PATHS = NO;
				CLANG_ANALYZER_NONNULL = YES;
				CLANG_ANALYZER_NUMBER_OBJECT_CONVERSION = YES_AGGRESSIVE;
				CLANG_CXX_LANGUAGE_STANDARD = "gnu++14";
				CLANG_CXX_LIBRARY = "libc++";
				CLANG_ENABLE_MODULES = YES;
				CLANG_ENABLE_OBJC_ARC = YES;
				CLANG_ENABLE_OBJC_WEAK = YES;
				CLANG_WARN_BLOCK_CAPTURE_AUTORELEASING = YES;
				CLANG_WARN_BOOL_CONVERSION = YES;
				CLANG_WARN_COMMA = YES;
				CLANG_WARN_CONSTANT_CONVERSION = YES;
				CLANG_WARN_DEPRECATED_OBJC_IMPLEMENTATIONS = YES;
				CLANG_WARN_DIRECT_OBJC_ISA_USAGE = YES_ERROR;
				CLANG_WARN_DOCUMENTATION_COMMENTS = YES;
				CLANG_WARN_EMPTY_BODY = YES;
				CLANG_WARN_ENUM_CONVERSION = YES;
				CLANG_WARN_INFINITE_RECURSION = YES;
				CLANG_WARN_INT_CONVERSION = YES;
				CLANG_WARN_NON_LITERAL_NULL_CONVERSION = YES;
				CLANG_WARN_OBJC_IMPLICIT_RETAIN_SELF = YES;
				CLANG_WARN_OBJC_LITERAL_CONVERSION = YES;
				CLANG_WARN_OBJC_ROOT_CLASS = YES_ERROR;
				CLANG_WARN_RANGE_LOOP_ANALYSIS = YES;
				CLANG_WARN_STRICT_PROTOTYPES = YES;
				CLANG_WARN_SUSPICIOUS_MOVE = YES;
				CLANG_WARN_UNGUARDED_AVAILABILITY = YES_AGGRESSIVE;
				CLANG_WARN_UNREACHABLE_CODE = YES;
				CLANG_WARN__DUPLICATE_METHOD_MATCH = YES;
				COPY_PHASE_STRIP = NO;
				DEBUG_INFORMATION_FORMAT = "dwarf-with-dsym";
				ENABLE_NS_ASSERTIONS = NO;
				ENABLE_STRICT_OBJC_MSGSEND = YES;
				GCC_C_LANGUAGE_STANDARD = gnu11;
				GCC_NO_COMMON_BLOCKS = YES;
				GCC_WARN_64_TO_32_BIT_CONVERSION = YES;
				GCC_WARN_ABOUT_RETURN_TYPE = YES_ERROR;
				GCC_WARN_UNDECLARED_SELECTOR = YES;
				GCC_WARN_UNINITIALIZED_AUTOS = YES_AGGRESSIVE;
				GCC_WARN_UNUSED_FUNCTION = YES;
				GCC_WARN_UNUSED_VARIABLE = YES;
				IPHONEOS_DEPLOYMENT_TARGET = 13.0;
				MTL_ENABLE_DEBUG_INFO = NO;
				MTL_FAST_MATH = YES;
				SDKROOT = iphoneos;
				SWIFT_COMPILATION_MODE = wholemodule;
				SWIFT_OPTIMIZATION_LEVEL = "-O";
				VALIDATE_PRODUCT = YES;
			};
			name = Release;
		};
		53412AFD22ADE4C90043AB33 /* Debug */ = {
			isa = XCBuildConfiguration;
			buildSettings = {
				ASSETCATALOG_COMPILER_APPICON_NAME = AppIcon;
				CODE_SIGN_STYLE = Automatic;
				DEVELOPMENT_ASSET_PATHS = "Landmarks/Preview\\ Content";
				DEVELOPMENT_TEAM = V43UX8WJSQ;
				ENABLE_PREVIEWS = YES;
				INFOPLIST_FILE = Landmarks/Info.plist;
				LD_RUNPATH_SEARCH_PATHS = (
					"$(inherited)",
					"@executable_path/Frameworks",
				);
				PRODUCT_BUNDLE_IDENTIFIER = cn.keith.Landmarks;
				PRODUCT_NAME = "$(TARGET_NAME)";
				SWIFT_VERSION = 5.0;
				TARGETED_DEVICE_FAMILY = "1,2";
			};
			name = Debug;
		};
		53412AFE22ADE4C90043AB33 /* Release */ = {
			isa = XCBuildConfiguration;
			buildSettings = {
				ASSETCATALOG_COMPILER_APPICON_NAME = AppIcon;
				CODE_SIGN_STYLE = Automatic;
				DEVELOPMENT_ASSET_PATHS = "Landmarks/Preview\\ Content";
				DEVELOPMENT_TEAM = V43UX8WJSQ;
				ENABLE_PREVIEWS = YES;
				INFOPLIST_FILE = Landmarks/Info.plist;
				LD_RUNPATH_SEARCH_PATHS = (
					"$(inherited)",
					"@executable_path/Frameworks",
				);
				PRODUCT_BUNDLE_IDENTIFIER = cn.keith.Landmarks;
				PRODUCT_NAME = "$(TARGET_NAME)";
				SWIFT_VERSION = 5.0;
				TARGETED_DEVICE_FAMILY = "1,2";
			};
			name = Release;
		};
		53412B0022ADE4C90043AB33 /* Debug */ = {
			isa = XCBuildConfiguration;
			buildSettings = {
				ALWAYS_EMBED_SWIFT_STANDARD_LIBRARIES = YES;
				BUNDLE_LOADER = "$(TEST_HOST)";
				CODE_SIGN_STYLE = Automatic;
				DEVELOPMENT_TEAM = V43UX8WJSQ;
				INFOPLIST_FILE = LandmarksTests/Info.plist;
				LD_RUNPATH_SEARCH_PATHS = (
					"$(inherited)",
					"@executable_path/Frameworks",
					"@loader_path/Frameworks",
				);
				PRODUCT_BUNDLE_IDENTIFIER = cn.keith.LandmarksTests;
				PRODUCT_NAME = "$(TARGET_NAME)";
				SWIFT_VERSION = 5.0;
				TARGETED_DEVICE_FAMILY = "1,2";
				TEST_HOST = "$(BUILT_PRODUCTS_DIR)/Landmarks.app/Landmarks";
			};
			name = Debug;
		};
		53412B0122ADE4C90043AB33 /* Release */ = {
			isa = XCBuildConfiguration;
			buildSettings = {
				ALWAYS_EMBED_SWIFT_STANDARD_LIBRARIES = YES;
				BUNDLE_LOADER = "$(TEST_HOST)";
				CODE_SIGN_STYLE = Automatic;
				DEVELOPMENT_TEAM = V43UX8WJSQ;
				INFOPLIST_FILE = LandmarksTests/Info.plist;
				LD_RUNPATH_SEARCH_PATHS = (
					"$(inherited)",
					"@executable_path/Frameworks",
					"@loader_path/Frameworks",
				);
				PRODUCT_BUNDLE_IDENTIFIER = cn.keith.LandmarksTests;
				PRODUCT_NAME = "$(TARGET_NAME)";
				SWIFT_VERSION = 5.0;
				TARGETED_DEVICE_FAMILY = "1,2";
				TEST_HOST = "$(BUILT_PRODUCTS_DIR)/Landmarks.app/Landmarks";
			};
			name = Release;
		};
		53412B0322ADE4C90043AB33 /* Debug */ = {
			isa = XCBuildConfiguration;
			buildSettings = {
				ALWAYS_EMBED_SWIFT_STANDARD_LIBRARIES = YES;
				CODE_SIGN_STYLE = Automatic;
				DEVELOPMENT_TEAM = V43UX8WJSQ;
				INFOPLIST_FILE = LandmarksUITests/Info.plist;
				LD_RUNPATH_SEARCH_PATHS = (
					"$(inherited)",
					"@executable_path/Frameworks",
					"@loader_path/Frameworks",
				);
				PRODUCT_BUNDLE_IDENTIFIER = cn.keith.LandmarksUITests;
				PRODUCT_NAME = "$(TARGET_NAME)";
				SWIFT_VERSION = 5.0;
				TARGETED_DEVICE_FAMILY = "1,2";
				TEST_TARGET_NAME = Landmarks;
			};
			name = Debug;
		};
		53412B0422ADE4C90043AB33 /* Release */ = {
			isa = XCBuildConfiguration;
			buildSettings = {
				ALWAYS_EMBED_SWIFT_STANDARD_LIBRARIES = YES;
				CODE_SIGN_STYLE = Automatic;
				DEVELOPMENT_TEAM = V43UX8WJSQ;
				INFOPLIST_FILE = LandmarksUITests/Info.plist;
				LD_RUNPATH_SEARCH_PATHS = (
					"$(inherited)",
					"@executable_path/Frameworks",
					"@loader_path/Frameworks",
				);
				PRODUCT_BUNDLE_IDENTIFIER = cn.keith.LandmarksUITests;
				PRODUCT_NAME = "$(TARGET_NAME)";
				SWIFT_VERSION = 5.0;
				TARGETED_DEVICE_FAMILY = "1,2";
				TEST_TARGET_NAME = Landmarks;
			};
			name = Release;
		};
/* End XCBuildConfiguration section */

/* Begin XCConfigurationList section */
		53412ACD22ADE4C70043AB33 /* Build configuration list for PBXProject "Landmarks" */ = {
			isa = XCConfigurationList;
			buildConfigurations = (
				53412AFA22ADE4C90043AB33 /* Debug */,
				53412AFB22ADE4C90043AB33 /* Release */,
			);
			defaultConfigurationIsVisible = 0;
			defaultConfigurationName = Release;
		};
		53412AFC22ADE4C90043AB33 /* Build configuration list for PBXNativeTarget "Landmarks" */ = {
			isa = XCConfigurationList;
			buildConfigurations = (
				53412AFD22ADE4C90043AB33 /* Debug */,
				53412AFE22ADE4C90043AB33 /* Release */,
			);
			defaultConfigurationIsVisible = 0;
			defaultConfigurationName = Release;
		};
		53412AFF22ADE4C90043AB33 /* Build configuration list for PBXNativeTarget "LandmarksTests" */ = {
			isa = XCConfigurationList;
			buildConfigurations = (
				53412B0022ADE4C90043AB33 /* Debug */,
				53412B0122ADE4C90043AB33 /* Release */,
			);
			defaultConfigurationIsVisible = 0;
			defaultConfigurationName = Release;
		};
		53412B0222ADE4C90043AB33 /* Build configuration list for PBXNativeTarget "LandmarksUITests" */ = {
			isa = XCConfigurationList;
			buildConfigurations = (
				53412B0322ADE4C90043AB33 /* Debug */,
				53412B0422ADE4C90043AB33 /* Release */,
			);
			defaultConfigurationIsVisible = 0;
			defaultConfigurationName = Release;
		};
/* End XCConfigurationList section */
	};
	rootObject = 53412ACA22ADE4C70043AB33 /* Project object */;
}
